
Microsoft Visual Studio Solution File, Format Version 12.00
# Visual Studio Version 16
VisualStudioVersion = 16.0.33801.447
MinimumVisualStudioVersion = 10.0.40219.1
Project("{FAE04EC0-301F-11D3-BF4B-00C04F79EFBC}") = "07.07 예제", "07.07 예제.csproj", "{5E99D485-0D3F-4409-A291-BF45B366D560}"
EndProject
Global
	GlobalSection(SolutionConfigurationPlatforms) = preSolution
		Debug|Any CPU = Debug|Any CPU
		Release|Any CPU = Release|Any CPU
	EndGlobalSection
	GlobalSection(ProjectConfigurationPlatforms) = postSolution
		{5E99D485-0D3F-4409-A291-BF45B366D560}.Debug|Any CPU.ActiveCfg = Debug|Any CPU
		{5E99D485-0D3F-4409-A291-BF45B366D560}.Debug|Any CPU.Build.0 = Debug|Any CPU
		{5E99D485-0D3F-4409-A291-BF45B366D560}.Release|Any CPU.ActiveCfg = Release|Any CPU
		{5E99D485-0D3F-4409-A291-BF45B366D560}.Release|Any CPU.Build.0 = Release|Any CPU
	EndGlobalSection
	GlobalSection(SolutionProperties) = preSolution
		HideSolutionNode = FALSE
	EndGlobalSection
	GlobalSection(ExtensibilityGlobals) = postSolution
		SolutionGuid = {0C5A07C8-6747-4D9A-93A4-C867E6211ED3}
	EndGlobalSection
EndGlobal
