
Microsoft Visual Studio Solution File, Format Version 12.00
# Visual Studio Version 16
VisualStudioVersion = 16.0.33927.289
MinimumVisualStudioVersion = 10.0.40219.1
Project("{FAE04EC0-301F-11D3-BF4B-00C04F79EFBC}") = "serwinform", "serwinform\serwinform.csproj", "{6DD058DC-D77E-448B-B5BB-9D4233C3FD59}"
EndProject
Global
	GlobalSection(SolutionConfigurationPlatforms) = preSolution
		Debug|Any CPU = Debug|Any CPU
		Release|Any CPU = Release|Any CPU
	EndGlobalSection
	GlobalSection(ProjectConfigurationPlatforms) = postSolution
		{6DD058DC-D77E-448B-B5BB-9D4233C3FD59}.Debug|Any CPU.ActiveCfg = Debug|Any CPU
		{6DD058DC-D77E-448B-B5BB-9D4233C3FD59}.Debug|Any CPU.Build.0 = Debug|Any CPU
		{6DD058DC-D77E-448B-B5BB-9D4233C3FD59}.Release|Any CPU.ActiveCfg = Release|Any CPU
		{6DD058DC-D77E-448B-B5BB-9D4233C3FD59}.Release|Any CPU.Build.0 = Release|Any CPU
	EndGlobalSection
	GlobalSection(SolutionProperties) = preSolution
		HideSolutionNode = FALSE
	EndGlobalSection
	GlobalSection(ExtensibilityGlobals) = postSolution
		SolutionGuid = {359DEDE3-92C3-4AB3-B125-E0ED4292FBFA}
	EndGlobalSection
EndGlobal
